
Microsoft Visual Studio Solution File, Format Version 12.00
# Visual Studio Version 17
VisualStudioVersion = 17.4.33205.214
MinimumVisualStudioVersion = 10.0.40219.1
Project("{9A19103F-16F7-4668-BE54-9A1E7A4F7556}") = "UILayer", "UILayer\UILayer.csproj", "{999907DC-7645-46A6-A12D-48BC815D6E4B}"
EndProject
Project("{9A19103F-16F7-4668-BE54-9A1E7A4F7556}") = "LogicLayer", "LogicLayer\LogicLayer.csproj", "{8753FD5C-FB8F-44AB-95F4-D9AA61B9FC14}"
EndProject
Project("{9A19103F-16F7-4668-BE54-9A1E7A4F7556}") = "DataFluentApi", "DataFluentApi\DataFluentApi.csproj", "{ECF41878-712D-4208-B4FE-8A80C8895A8B}"
EndProject
Project("{9A19103F-16F7-4668-BE54-9A1E7A4F7556}") = "Models", "Models\Models.csproj", "{AFCDCF0B-B932-4341-BC26-37C3F75522EA}"
EndProject
Project("{9A19103F-16F7-4668-BE54-9A1E7A4F7556}") = "Test", "Test\Test.csproj", "{FC8FA25C-0E41-46FC-B824-F4DE4AF00D19}"
EndProject
Global
	GlobalSection(SolutionConfigurationPlatforms) = preSolution
		Debug|Any CPU = Debug|Any CPU
		Release|Any CPU = Release|Any CPU
	EndGlobalSection
	GlobalSection(ProjectConfigurationPlatforms) = postSolution
		{999907DC-7645-46A6-A12D-48BC815D6E4B}.Debug|Any CPU.ActiveCfg = Debug|Any CPU
		{999907DC-7645-46A6-A12D-48BC815D6E4B}.Debug|Any CPU.Build.0 = Debug|Any CPU
		{999907DC-7645-46A6-A12D-48BC815D6E4B}.Release|Any CPU.ActiveCfg = Release|Any CPU
		{999907DC-7645-46A6-A12D-48BC815D6E4B}.Release|Any CPU.Build.0 = Release|Any CPU
		{8753FD5C-FB8F-44AB-95F4-D9AA61B9FC14}.Debug|Any CPU.ActiveCfg = Debug|Any CPU
		{8753FD5C-FB8F-44AB-95F4-D9AA61B9FC14}.Debug|Any CPU.Build.0 = Debug|Any CPU
		{8753FD5C-FB8F-44AB-95F4-D9AA61B9FC14}.Release|Any CPU.ActiveCfg = Release|Any CPU
		{8753FD5C-FB8F-44AB-95F4-D9AA61B9FC14}.Release|Any CPU.Build.0 = Release|Any CPU
		{ECF41878-712D-4208-B4FE-8A80C8895A8B}.Debug|Any CPU.ActiveCfg = Debug|Any CPU
		{ECF41878-712D-4208-B4FE-8A80C8895A8B}.Debug|Any CPU.Build.0 = Debug|Any CPU
		{ECF41878-712D-4208-B4FE-8A80C8895A8B}.Release|Any CPU.ActiveCfg = Release|Any CPU
		{ECF41878-712D-4208-B4FE-8A80C8895A8B}.Release|Any CPU.Build.0 = Release|Any CPU
		{AFCDCF0B-B932-4341-BC26-37C3F75522EA}.Debug|Any CPU.ActiveCfg = Debug|Any CPU
		{AFCDCF0B-B932-4341-BC26-37C3F75522EA}.Debug|Any CPU.Build.0 = Debug|Any CPU
		{AFCDCF0B-B932-4341-BC26-37C3F75522EA}.Release|Any CPU.ActiveCfg = Release|Any CPU
		{AFCDCF0B-B932-4341-BC26-37C3F75522EA}.Release|Any CPU.Build.0 = Release|Any CPU
		{FC8FA25C-0E41-46FC-B824-F4DE4AF00D19}.Debug|Any CPU.ActiveCfg = Debug|Any CPU
		{FC8FA25C-0E41-46FC-B824-F4DE4AF00D19}.Debug|Any CPU.Build.0 = Debug|Any CPU
		{FC8FA25C-0E41-46FC-B824-F4DE4AF00D19}.Release|Any CPU.ActiveCfg = Release|Any CPU
		{FC8FA25C-0E41-46FC-B824-F4DE4AF00D19}.Release|Any CPU.Build.0 = Release|Any CPU
	EndGlobalSection
	GlobalSection(SolutionProperties) = preSolution
		HideSolutionNode = FALSE
	EndGlobalSection
	GlobalSection(ExtensibilityGlobals) = postSolution
		SolutionGuid = {6D78FF90-8FAD-42B2-9F65-2650222D643F}
	EndGlobalSection
EndGlobal
