
Microsoft Visual Studio Solution File, Format Version 12.00
# Visual Studio Version 17
VisualStudioVersion = 17.4.33205.214
MinimumVisualStudioVersion = 10.0.40219.1
Project("{FAE04EC0-301F-11D3-BF4B-00C04F79EFBC}") = "TrainerOnline", "TrainerOnline\TrainerOnline.csproj", "{FDCFEB6F-7B0F-49B1-8A31-B6913F8C6201}"
EndProject
Project("{FAE04EC0-301F-11D3-BF4B-00C04F79EFBC}") = "DataLayer", "DataLayer\DataLayer.csproj", "{FC8A4D51-11B5-4A55-808D-75CAF32A96BC}"
EndProject
Global
	GlobalSection(SolutionConfigurationPlatforms) = preSolution
		Debug|Any CPU = Debug|Any CPU
		Release|Any CPU = Release|Any CPU
	EndGlobalSection
	GlobalSection(ProjectConfigurationPlatforms) = postSolution
		{FDCFEB6F-7B0F-49B1-8A31-B6913F8C6201}.Debug|Any CPU.ActiveCfg = Debug|Any CPU
		{FDCFEB6F-7B0F-49B1-8A31-B6913F8C6201}.Debug|Any CPU.Build.0 = Debug|Any CPU
		{FDCFEB6F-7B0F-49B1-8A31-B6913F8C6201}.Release|Any CPU.ActiveCfg = Release|Any CPU
		{FDCFEB6F-7B0F-49B1-8A31-B6913F8C6201}.Release|Any CPU.Build.0 = Release|Any CPU
		{FC8A4D51-11B5-4A55-808D-75CAF32A96BC}.Debug|Any CPU.ActiveCfg = Debug|Any CPU
		{FC8A4D51-11B5-4A55-808D-75CAF32A96BC}.Debug|Any CPU.Build.0 = Debug|Any CPU
		{FC8A4D51-11B5-4A55-808D-75CAF32A96BC}.Release|Any CPU.ActiveCfg = Release|Any CPU
		{FC8A4D51-11B5-4A55-808D-75CAF32A96BC}.Release|Any CPU.Build.0 = Release|Any CPU
	EndGlobalSection
	GlobalSection(SolutionProperties) = preSolution
		HideSolutionNode = FALSE
	EndGlobalSection
	GlobalSection(ExtensibilityGlobals) = postSolution
		SolutionGuid = {18E219A3-D905-48A8-A5D7-C5C11293EF10}
	EndGlobalSection
EndGlobal
